
Microsoft Visual Studio Solution File, Format Version 12.00
# Visual Studio Version 17
VisualStudioVersion = 17.9.34728.123
MinimumVisualStudioVersion = 10.0.40219.1
Project("{FAE04EC0-301F-11D3-BF4B-00C04F79EFBC}") = "CRUDMVCPruebaFlorenciaA", "CRUDMVCPruebaFlorenciaA.csproj", "{A5BB5E01-E6AF-4927-BCF4-4811FFB07460}"
EndProject
Global
	GlobalSection(SolutionConfigurationPlatforms) = preSolution
		Debug|Any CPU = Debug|Any CPU
		Release|Any CPU = Release|Any CPU
	EndGlobalSection
	GlobalSection(ProjectConfigurationPlatforms) = postSolution
		{A5BB5E01-E6AF-4927-BCF4-4811FFB07460}.Debug|Any CPU.ActiveCfg = Debug|Any CPU
		{A5BB5E01-E6AF-4927-BCF4-4811FFB07460}.Debug|Any CPU.Build.0 = Debug|Any CPU
		{A5BB5E01-E6AF-4927-BCF4-4811FFB07460}.Release|Any CPU.ActiveCfg = Release|Any CPU
		{A5BB5E01-E6AF-4927-BCF4-4811FFB07460}.Release|Any CPU.Build.0 = Release|Any CPU
	EndGlobalSection
	GlobalSection(SolutionProperties) = preSolution
		HideSolutionNode = FALSE
	EndGlobalSection
	GlobalSection(ExtensibilityGlobals) = postSolution
		SolutionGuid = {698E15AA-F783-492F-A08C-2CDE20086BA3}
	EndGlobalSection
EndGlobal
